
Microsoft Visual Studio Solution File, Format Version 12.00
# Visual Studio Version 17
VisualStudioVersion = 17.8.34322.80
MinimumVisualStudioVersion = 10.0.40219.1
Project("{FAE04EC0-301F-11D3-BF4B-00C04F79EFBC}") = "FNLogs.Client", "FNLogs.Client\FNLogs.Client.csproj", "{48B99856-3DE2-416A-A17B-277A54D7A2EA}"
EndProject
Global
	GlobalSection(SolutionConfigurationPlatforms) = preSolution
		Debug|Any CPU = Debug|Any CPU
		Release|Any CPU = Release|Any CPU
	EndGlobalSection
	GlobalSection(ProjectConfigurationPlatforms) = postSolution
		{48B99856-3DE2-416A-A17B-277A54D7A2EA}.Debug|Any CPU.ActiveCfg = Debug|Any CPU
		{48B99856-3DE2-416A-A17B-277A54D7A2EA}.Debug|Any CPU.Build.0 = Debug|Any CPU
		{48B99856-3DE2-416A-A17B-277A54D7A2EA}.Release|Any CPU.ActiveCfg = Release|Any CPU
		{48B99856-3DE2-416A-A17B-277A54D7A2EA}.Release|Any CPU.Build.0 = Release|Any CPU
	EndGlobalSection
	GlobalSection(SolutionProperties) = preSolution
		HideSolutionNode = FALSE
	EndGlobalSection
	GlobalSection(ExtensibilityGlobals) = postSolution
		SolutionGuid = {327A064F-7594-476F-84F2-A9A8DEDF10DA}
	EndGlobalSection
EndGlobal
